
Microsoft Visual Studio Solution File, Format Version 12.00
# Visual Studio Version 16
VisualStudioVersion = 16.0.30503.244
MinimumVisualStudioVersion = 10.0.40219.1
Project("{888888A0-9F3D-457C-B088-3A5042F75D52}") = "Aumento 0.0.1", "Aumento 0.0.1\Aumento 0.0.1.pyproj", "{436173B9-3E67-4FC3-9483-069E911F8744}"
EndProject
Global
	GlobalSection(SolutionConfigurationPlatforms) = preSolution
		Debug|Any CPU = Debug|Any CPU
		Release|Any CPU = Release|Any CPU
	EndGlobalSection
	GlobalSection(ProjectConfigurationPlatforms) = postSolution
		{436173B9-3E67-4FC3-9483-069E911F8744}.Debug|Any CPU.ActiveCfg = Debug|Any CPU
		{436173B9-3E67-4FC3-9483-069E911F8744}.Release|Any CPU.ActiveCfg = Release|Any CPU
	EndGlobalSection
	GlobalSection(SolutionProperties) = preSolution
		HideSolutionNode = FALSE
	EndGlobalSection
	GlobalSection(ExtensibilityGlobals) = postSolution
		SolutionGuid = {728B9B7F-4C2B-422C-8A9F-70BFD456939B}
	EndGlobalSection
EndGlobal
